# This file is automatically @generated by Poetry 1.6.1 and should not be changed by hand.

[[package]]
name = "cached-property"
version = "1.5.2"
description = "A decorator for caching properties in classes."
optional = false
python-versions = "*"
files = [
    {file = "cached-property-1.5.2.tar.gz", hash = "sha256:9fa5755838eecbb2d234c3aa390bd80fbd3ac6b6869109bfc1b499f7bd89a130"},
    {file = "cached_property-1.5.2-py2.py3-none-any.whl", hash = "sha256:df4f613cf7ad9a588cc381aaf4a512d26265ecebd5eb9e1ba12f1319eb85a6a0"},
]

[[package]]
name = "colorama"
version = "0.4.6"
description = "Cross-platform colored terminal text."
optional = false
python-versions = "!=3.0.*,!=3.1.*,!=3.2.*,!=3.3.*,!=3.4.*,!=3.5.*,!=3.6.*,>=2.7"
files = [
    {file = "colorama-0.4.6-py2.py3-none-any.whl", hash = "sha256:4f1d9991f5acc0ca119f9d443620b77f9d6b33703e51011c16baf57afb285fc6"},
    {file = "colorama-0.4.6.tar.gz", hash = "sha256:08695f5cb7ed6e0531a20572697297273c47b8cae5a63ffc6d6ed5c201be6e44"},
]

[[package]]
name = "cytoolz"
version = "0.12.2"
description = "Cython implementation of Toolz: High performance functional utilities"
optional = false
python-versions = ">=3.6"
files = [
    {file = "cytoolz-0.12.2-cp310-cp310-macosx_10_9_x86_64.whl", hash = "sha256:4bff49986c9bae127928a2f9fd6313146a342bfae8292f63e562f872bd01b871"},
    {file = "cytoolz-0.12.2-cp310-cp310-macosx_11_0_arm64.whl", hash = "sha256:908c13f305d34322e11b796de358edaeea47dd2d115c33ca22909c5e8fb036fd"},
    {file = "cytoolz-0.12.2-cp310-cp310-manylinux_2_17_aarch64.manylinux2014_aarch64.whl", hash = "sha256:735147aa41b8eeb104da186864b55e2a6623c758000081d19c93d759cd9523e3"},
    {file = "cytoolz-0.12.2-cp310-cp310-manylinux_2_17_ppc64le.manylinux2014_ppc64le.whl", hash = "sha256:7d352d4de060604e605abdc5c8a5d0429d5f156cb9866609065d3003454d4cea"},
    {file = "cytoolz-0.12.2-cp310-cp310-manylinux_2_17_s390x.manylinux2014_s390x.whl", hash = "sha256:89247ac220031a4f9f689688bcee42b38fd770d4cce294e5d914afc53b630abe"},
    {file = "cytoolz-0.12.2-cp310-cp310-manylinux_2_17_x86_64.manylinux2014_x86_64.whl", hash = "sha256:9070ae35c410d644e6df98a8f69f3ed2807e657d0df2a26b2643127cbf6944a5"},
    {file = "cytoolz-0.12.2-cp310-cp310-manylinux_2_5_i686.manylinux1_i686.manylinux_2_17_i686.manylinux2014_i686.whl", hash = "sha256:843500cd3e4884b92fd4037912bc42d5f047108d2c986d36352e880196d465b0"},
    {file = "cytoolz-0.12.2-cp310-cp310-musllinux_1_1_aarch64.whl", hash = "sha256:6a93644d7996fd696ab7f1f466cd75d718d0a00d5c8118b9fe8c64231dc1f85e"},
    {file = "cytoolz-0.12.2-cp310-cp310-musllinux_1_1_i686.whl", hash = "sha256:96796594c770bc6587376e74ddc7d9c982d68f47116bb69d90873db5e0ea88b6"},
    {file = "cytoolz-0.12.2-cp310-cp310-musllinux_1_1_ppc64le.whl", hash = "sha256:48425107fbb1af3f0f2410c004f16be10ffc9374358e5600b57fa543f46f8def"},
    {file = "cytoolz-0.12.2-cp310-cp310-musllinux_1_1_s390x.whl", hash = "sha256:cde6dbb788a4cbc4a80a72aa96386ba4c2b17bdfff3ace0709799adbe16d6476"},
    {file = "cytoolz-0.12.2-cp310-cp310-musllinux_1_1_x86_64.whl", hash = "sha256:68ae7091cc73a752f0b938f15bb193de80ca5edf5ae2ea6360d93d3e9228357b"},
    {file = "cytoolz-0.12.2-cp310-cp310-win32.whl", hash = "sha256:997b7e0960072f6bb445402da162f964ea67387b9f18bda2361edcc026e13597"},
    {file = "cytoolz-0.12.2-cp310-cp310-win_amd64.whl", hash = "sha256:663911786dcde3e4a5d88215c722c531c7548903dc07d418418c0d1c768072c0"},
    {file = "cytoolz-0.12.2-cp311-cp311-macosx_10_9_x86_64.whl", hash = "sha256:4a7d8b869ded171f6cdf584fc2fc6ae03b30a0e1e37a9daf213a59857a62ed90"},
    {file = "cytoolz-0.12.2-cp311-cp311-macosx_11_0_arm64.whl", hash = "sha256:9b28787eaf2174e68f0acb3c66f9c6b98bdfeb0930c0d0b08e1941c7aedc8d27"},
    {file = "cytoolz-0.12.2-cp311-cp311-manylinux_2_17_aarch64.manylinux2014_aarch64.whl", hash = "sha256:00547da587f124b32b072ce52dd5e4b37cf199fedcea902e33c67548523e4678"},
    {file = "cytoolz-0.12.2-cp311-cp311-manylinux_2_17_ppc64le.manylinux2014_ppc64le.whl", hash = "sha256:275d53fd769df2102d6c9fc98e553bd8a9a38926f54d6b20cf29f0dd00bf3b75"},
    {file = "cytoolz-0.12.2-cp311-cp311-manylinux_2_17_s390x.manylinux2014_s390x.whl", hash = "sha256:5556acde785a61d4cf8b8534ae109b023cbd2f9df65ee2afbe070be47c410f8c"},
    {file = "cytoolz-0.12.2-cp311-cp311-manylinux_2_17_x86_64.manylinux2014_x86_64.whl", hash = "sha256:b41a85b9b9a2530b72b0d3d10e383fc3c2647ae88169d557d5e216f881860318"},
    {file = "cytoolz-0.12.2-cp311-cp311-manylinux_2_5_i686.manylinux1_i686.manylinux_2_17_i686.manylinux2014_i686.whl", hash = "sha256:673d6e9e3aa86949343b46ac2b7be266c36e07ce77fa1d40f349e6987a814d6e"},
    {file = "cytoolz-0.12.2-cp311-cp311-musllinux_1_1_aarch64.whl", hash = "sha256:81e6a9a8fda78a2f4901d2915b25bf620f372997ca1f20a14f7cefef5ad6f6f4"},
    {file = "cytoolz-0.12.2-cp311-cp311-musllinux_1_1_i686.whl", hash = "sha256:fa44215bc31675a6380cd896dadb7f2054a7b94cfb87e53e52af844c65406a54"},
    {file = "cytoolz-0.12.2-cp311-cp311-musllinux_1_1_ppc64le.whl", hash = "sha256:a08b4346350660799d81d4016e748bcb134a9083301d41f9618f64a6077f89f2"},
    {file = "cytoolz-0.12.2-cp311-cp311-musllinux_1_1_s390x.whl", hash = "sha256:2fb740482794a72e2e5fec58e4d9b00dcd5a60a8cef68431ff12f2ba0e0d9a7e"},
    {file = "cytoolz-0.12.2-cp311-cp311-musllinux_1_1_x86_64.whl", hash = "sha256:9007bb1290c79402be6b84bcf9e7a622a073859d61fcee146dc7bc47afe328f3"},
    {file = "cytoolz-0.12.2-cp311-cp311-win32.whl", hash = "sha256:a973f5286758f76824ecf19ae1999f6697371a9121c8f163295d181d19a819d7"},
    {file = "cytoolz-0.12.2-cp311-cp311-win_amd64.whl", hash = "sha256:1ce324d1b413636ea5ee929f79637821f13c9e55e9588f38228947294944d2ed"},
    {file = "cytoolz-0.12.2-cp36-cp36m-macosx_10_9_x86_64.whl", hash = "sha256:c08094b9e5d1b6dfb0845a0253cc2655ca64ce70d15162dfdb102e28c8993493"},
    {file = "cytoolz-0.12.2-cp36-cp36m-manylinux_2_17_aarch64.manylinux2014_aarch64.whl", hash = "sha256:baf020f4b708f800b353259cd7575e335a79f1ac912d9dda55b2aa0bf3616e42"},
    {file = "cytoolz-0.12.2-cp36-cp36m-manylinux_2_17_ppc64le.manylinux2014_ppc64le.whl", hash = "sha256:4416ee86a87180b6a28e7483102c92debc077bec59c67eda8cc63fc52a218ac0"},
    {file = "cytoolz-0.12.2-cp36-cp36m-manylinux_2_17_s390x.manylinux2014_s390x.whl", hash = "sha256:c6ee222671eed5c5b16a5ad2aea07f0a715b8b199ee534834bc1dd2798f1ade7"},
    {file = "cytoolz-0.12.2-cp36-cp36m-manylinux_2_17_x86_64.manylinux2014_x86_64.whl", hash = "sha256:ad92e37be0b106fdbc575a3a669b43b364a5ef334495c9764de4c2d7541f7a99"},
    {file = "cytoolz-0.12.2-cp36-cp36m-manylinux_2_5_i686.manylinux1_i686.manylinux_2_17_i686.manylinux2014_i686.whl", hash = "sha256:460c05238fbfe6d848141669d17a751a46c923f9f0c9fd8a3a462ab737623a44"},
    {file = "cytoolz-0.12.2-cp36-cp36m-musllinux_1_1_aarch64.whl", hash = "sha256:9e5075e30be626ef0f9bedf7a15f55ed4d7209e832bc314fdc232dbd61dcbf44"},
    {file = "cytoolz-0.12.2-cp36-cp36m-musllinux_1_1_i686.whl", hash = "sha256:03b58f843f09e73414e82e57f7e8d88f087eaabf8f276b866a40661161da6c51"},
    {file = "cytoolz-0.12.2-cp36-cp36m-musllinux_1_1_ppc64le.whl", hash = "sha256:5e4e612b7ecc9596e7c859cd9e0cd085e6d0c576b4f0d917299595eb56bf9c05"},
    {file = "cytoolz-0.12.2-cp36-cp36m-musllinux_1_1_s390x.whl", hash = "sha256:08a0e03f287e45eb694998bb55ac1643372199c659affa8319dfbbdec7f7fb3c"},
    {file = "cytoolz-0.12.2-cp36-cp36m-musllinux_1_1_x86_64.whl", hash = "sha256:b029bdd5a8b6c9a7c0e8fdbe4fc25ffaa2e09b77f6f3462314696e3a20511829"},
    {file = "cytoolz-0.12.2-cp36-cp36m-win32.whl", hash = "sha256:18580d060fa637ff01541640ecde6de832a248df02b8fb57e6dd578f189d62c7"},
    {file = "cytoolz-0.12.2-cp36-cp36m-win_amd64.whl", hash = "sha256:97cf514a9f3426228d8daf880f56488330e4b2948a6d183a106921217850d9eb"},
    {file = "cytoolz-0.12.2-cp37-cp37m-macosx_10_9_x86_64.whl", hash = "sha256:18a0f838677f9510aef0330c0096778dd6406d21d4ff9504bf79d85235a18460"},
    {file = "cytoolz-0.12.2-cp37-cp37m-manylinux_2_17_aarch64.manylinux2014_aarch64.whl", hash = "sha256:cb081b2b02bf4405c804de1ece6f904916838ab0e057f1446e4ac12fac827960"},
    {file = "cytoolz-0.12.2-cp37-cp37m-manylinux_2_17_ppc64le.manylinux2014_ppc64le.whl", hash = "sha256:57233e1600560ceb719bed759dc78393edd541b9a3e7fefc3079abd83c26a6ea"},
    {file = "cytoolz-0.12.2-cp37-cp37m-manylinux_2_17_s390x.manylinux2014_s390x.whl", hash = "sha256:0295289c4510efa41174850e75bc9188f82b72b1b54d0ea57d1781729c2924d5"},
    {file = "cytoolz-0.12.2-cp37-cp37m-manylinux_2_17_x86_64.manylinux2014_x86_64.whl", hash = "sha256:7a92aab8dd1d427ac9bc7480cfd3481dbab0ef024558f2f5a47de672d8a5ffaa"},
    {file = "cytoolz-0.12.2-cp37-cp37m-manylinux_2_5_i686.manylinux1_i686.manylinux_2_17_i686.manylinux2014_i686.whl", hash = "sha256:51d3495235af09f21aa92a7cdd51504bda640b108b6be834448b774f52852c09"},
    {file = "cytoolz-0.12.2-cp37-cp37m-musllinux_1_1_aarch64.whl", hash = "sha256:f9c690b359f503f18bf1c46a6456370e4f6f3fc4320b8774ae69c4f85ecc6c94"},
    {file = "cytoolz-0.12.2-cp37-cp37m-musllinux_1_1_i686.whl", hash = "sha256:481e3129a76ea01adcc0e7097ccb8dbddab1cfc40b6f0e32c670153512957c0f"},
    {file = "cytoolz-0.12.2-cp37-cp37m-musllinux_1_1_ppc64le.whl", hash = "sha256:55e94124af9c8fbb1df54195cc092688fdad0765641b738970b6f1d5ea72e776"},
    {file = "cytoolz-0.12.2-cp37-cp37m-musllinux_1_1_s390x.whl", hash = "sha256:5616d386dfbfba7c39e9418ba668c734f6ceaacc0130877e8a100cad11e6838b"},
    {file = "cytoolz-0.12.2-cp37-cp37m-musllinux_1_1_x86_64.whl", hash = "sha256:732d08228fa8d366fec284f7032cc868d28a99fa81fc71e3adf7ecedbcf33a0f"},
    {file = "cytoolz-0.12.2-cp37-cp37m-win32.whl", hash = "sha256:f039c5373f7b314b151432c73219216857b19ab9cb834f0eb5d880f74fc7851c"},
    {file = "cytoolz-0.12.2-cp37-cp37m-win_amd64.whl", hash = "sha256:246368e983eaee9851b15d7755f82030eab4aa82098d2a34f6bef9c689d33fcc"},
    {file = "cytoolz-0.12.2-cp38-cp38-macosx_10_9_x86_64.whl", hash = "sha256:81074edf3c74bc9bd250d223408a5df0ff745d1f7a462597536cd26b9390e2d6"},
    {file = "cytoolz-0.12.2-cp38-cp38-macosx_11_0_arm64.whl", hash = "sha256:960d85ebaa974ecea4e71fa56d098378fa51fd670ee744614cbb95bf95e28fc7"},
    {file = "cytoolz-0.12.2-cp38-cp38-manylinux_2_17_aarch64.manylinux2014_aarch64.whl", hash = "sha256:6c8d0dff4865da54ae825d43e1721925721b19f3b9aca8e730c2ce73dee2c630"},
    {file = "cytoolz-0.12.2-cp38-cp38-manylinux_2_17_ppc64le.manylinux2014_ppc64le.whl", hash = "sha256:0a9d12436fd64937bd2c9609605f527af7f1a8db6e6637639b44121c0fe715d6"},
    {file = "cytoolz-0.12.2-cp38-cp38-manylinux_2_17_s390x.manylinux2014_s390x.whl", hash = "sha256:cd461e402e24929d866f05061d2f8337e3a8456e75e21b72c125abff2477c7f7"},
    {file = "cytoolz-0.12.2-cp38-cp38-manylinux_2_17_x86_64.manylinux2014_x86_64.whl", hash = "sha256:0568d4da0a9ee9f9f5ab318f6501557f1cfe26d18c96c8e0dac7332ae04c6717"},
    {file = "cytoolz-0.12.2-cp38-cp38-manylinux_2_5_i686.manylinux1_i686.manylinux_2_17_i686.manylinux2014_i686.whl", hash = "sha256:101b5bd32badfc8b1f9c7be04ba3ae04fb47f9c8736590666ce9449bff76e0b1"},
    {file = "cytoolz-0.12.2-cp38-cp38-musllinux_1_1_aarch64.whl", hash = "sha256:8bb624dbaef4661f5e3625c1e39ad98ecceef281d1380e2774d8084ad0810275"},
    {file = "cytoolz-0.12.2-cp38-cp38-musllinux_1_1_i686.whl", hash = "sha256:3e993804e6b04113d61fdb9541b6df2f096ec265a506dad7437517470919c90f"},
    {file = "cytoolz-0.12.2-cp38-cp38-musllinux_1_1_ppc64le.whl", hash = "sha256:ab911033e5937fc221a2c165acce7f66ae5ac9d3e54bec56f3c9c197a96be574"},
    {file = "cytoolz-0.12.2-cp38-cp38-musllinux_1_1_s390x.whl", hash = "sha256:e6de6a4bdfaee382c2de2a3580b3ae76fce6105da202bbd835e5efbeae6a9c6e"},
    {file = "cytoolz-0.12.2-cp38-cp38-musllinux_1_1_x86_64.whl", hash = "sha256:9480b4b327be83c4d29cb88bcace761b11f5e30198ffe2287889455c6819e934"},
    {file = "cytoolz-0.12.2-cp38-cp38-win32.whl", hash = "sha256:4180b2785d1278e6abb36a72ac97c92432db53fa2df00ee943d2c15a33627d31"},
    {file = "cytoolz-0.12.2-cp38-cp38-win_amd64.whl", hash = "sha256:d0086ba8d41d73647b13087a3ca9c020f6bfec338335037e8f5172b4c7c8dce5"},
    {file = "cytoolz-0.12.2-cp39-cp39-macosx_10_9_x86_64.whl", hash = "sha256:d29988bde28a90a00367edcf92afa1a2f7ecf43ea3ae383291b7da6d380ccc25"},
    {file = "cytoolz-0.12.2-cp39-cp39-macosx_11_0_arm64.whl", hash = "sha256:24c0d71e9ac91f4466b1bd280f7de43aa4d94682daaf34d85d867a9b479b87cc"},
    {file = "cytoolz-0.12.2-cp39-cp39-manylinux_2_17_aarch64.manylinux2014_aarch64.whl", hash = "sha256:fa436abd4ac9ca71859baf5794614e6ec8fa27362f0162baedcc059048da55f7"},
    {file = "cytoolz-0.12.2-cp39-cp39-manylinux_2_17_ppc64le.manylinux2014_ppc64le.whl", hash = "sha256:45c7b4eac7571707269ebc2893facdf87e359cd5c7cfbfa9e6bd8b33fb1079c5"},
    {file = "cytoolz-0.12.2-cp39-cp39-manylinux_2_17_s390x.manylinux2014_s390x.whl", hash = "sha256:294d24edc747ef4e1b28e54365f713becb844e7898113fafbe3e9165dc44aeea"},
    {file = "cytoolz-0.12.2-cp39-cp39-manylinux_2_17_x86_64.manylinux2014_x86_64.whl", hash = "sha256:478051e5ef8278b2429864c8d148efcebdc2be948a61c9a44757cd8c816c98f5"},
    {file = "cytoolz-0.12.2-cp39-cp39-manylinux_2_5_i686.manylinux1_i686.manylinux_2_17_i686.manylinux2014_i686.whl", hash = "sha256:14108cafb140dd68fdda610c2bbc6a37bf052cd48cfebf487ed44145f7a2b67f"},
    {file = "cytoolz-0.12.2-cp39-cp39-musllinux_1_1_aarch64.whl", hash = "sha256:5fef7b602ccf8a3c77ab483479ccd7a952a8c5bb1c263156671ba7aaa24d1035"},
    {file = "cytoolz-0.12.2-cp39-cp39-musllinux_1_1_i686.whl", hash = "sha256:9bf51354e15520715f068853e6ab8190e77139940e8b8b633bdb587956a08fb0"},
    {file = "cytoolz-0.12.2-cp39-cp39-musllinux_1_1_ppc64le.whl", hash = "sha256:388f840fd911d61a96e9e595eaf003f9dc39e847c9060b8e623ab29e556f009b"},
    {file = "cytoolz-0.12.2-cp39-cp39-musllinux_1_1_s390x.whl", hash = "sha256:a67f75cc51a2dc7229a8ac84291e4d61dc5abfc8940befcf37a2836d95873340"},
    {file = "cytoolz-0.12.2-cp39-cp39-musllinux_1_1_x86_64.whl", hash = "sha256:63b31345e20afda2ae30dba246955517a4264464d75e071fc2fa641e88c763ec"},
    {file = "cytoolz-0.12.2-cp39-cp39-win32.whl", hash = "sha256:f6e86ac2b45a95f75c6f744147483e0fc9697ce7dfe1726083324c236f873f8b"},
    {file = "cytoolz-0.12.2-cp39-cp39-win_amd64.whl", hash = "sha256:5998f81bf6a2b28a802521efe14d9fc119f74b64e87b62ad1b0e7c3d8366d0c7"},
    {file = "cytoolz-0.12.2-pp37-pypy37_pp73-macosx_10_9_x86_64.whl", hash = "sha256:593e89e2518eaf81e96edcc9ef2c5fca666e8fc922b03d5cb7a7b8964dbee336"},
    {file = "cytoolz-0.12.2-pp37-pypy37_pp73-manylinux_2_17_aarch64.manylinux2014_aarch64.whl", hash = "sha256:ff451d614ca1d4227db0ffa627fb51df71968cf0d9baf0210528dad10fdbc3ab"},
    {file = "cytoolz-0.12.2-pp37-pypy37_pp73-manylinux_2_5_i686.manylinux1_i686.manylinux_2_17_i686.manylinux2014_i686.whl", hash = "sha256:ad9ea4a50d2948738351790047d45f2b1a023facc01bf0361988109b177e8b2f"},
    {file = "cytoolz-0.12.2-pp37-pypy37_pp73-manylinux_2_5_x86_64.manylinux1_x86_64.manylinux_2_17_x86_64.manylinux2014_x86_64.whl", hash = "sha256:cbe038bb78d599b5a29d09c438905defaa615a522bc7e12f8016823179439497"},
    {file = "cytoolz-0.12.2-pp37-pypy37_pp73-win_amd64.whl", hash = "sha256:d494befe648c13c98c0f3d56d05489c839c9228a32f58e9777305deb6c2c1cee"},
    {file = "cytoolz-0.12.2-pp38-pypy38_pp73-macosx_10_9_x86_64.whl", hash = "sha256:c26805b6c8dc8565ed91045c44040bf6c0fe5cb5b390c78cd1d9400d08a6cd39"},
    {file = "cytoolz-0.12.2-pp38-pypy38_pp73-manylinux_2_17_aarch64.manylinux2014_aarch64.whl", hash = "sha256:df4e32badb2ccf1773e1e74020b7e3b8caf9e92f842c6be7d14888ecdefc2c6c"},
    {file = "cytoolz-0.12.2-pp38-pypy38_pp73-manylinux_2_5_i686.manylinux1_i686.manylinux_2_17_i686.manylinux2014_i686.whl", hash = "sha256:ce7889dc3701826d519ede93cdff11940fb5567dbdc165dce0e78047eece02b7"},
    {file = "cytoolz-0.12.2-pp38-pypy38_pp73-manylinux_2_5_x86_64.manylinux1_x86_64.manylinux_2_17_x86_64.manylinux2014_x86_64.whl", hash = "sha256:c820608e7077416f766b148d75e158e454881961881b657cff808529d261dd24"},
    {file = "cytoolz-0.12.2-pp38-pypy38_pp73-win_amd64.whl", hash = "sha256:698da4fa1f7baeea0607738cb1f9877ed1ba50342b29891b0223221679d6f729"},
    {file = "cytoolz-0.12.2.tar.gz", hash = "sha256:31d4b0455d72d914645f803d917daf4f314d115c70de0578d3820deb8b101f66"},
]

[package.dependencies]
toolz = ">=0.8.0"

[package.extras]
cython = ["cython"]

[[package]]
name = "eth-hash"
version = "0.5.2"
description = "eth-hash: The Ethereum hashing function, keccak256, sometimes (erroneously) called sha3"
optional = false
python-versions = ">=3.7, <4"
files = [
    {file = "eth-hash-0.5.2.tar.gz", hash = "sha256:1b5f10eca7765cc385e1430eefc5ced6e2e463bb18d1365510e2e539c1a6fe4e"},
    {file = "eth_hash-0.5.2-py3-none-any.whl", hash = "sha256:251f62f6579a1e247561679d78df37548bd5f59908da0b159982bf8293ad32f0"},
]

[package.extras]
dev = ["black (>=23)", "build (>=0.9.0)", "bumpversion (>=0.5.3)", "flake8 (==6.0.0)", "flake8-bugbear (==23.3.23)", "ipython", "isort (>=5.10.1)", "mypy (==0.971)", "pydocstyle (>=6.0.0)", "pytest (>=7.0.0)", "pytest-watch (>=4.1.0)", "pytest-xdist (>=2.4.0)", "sphinx (>=6.0.0)", "sphinx-rtd-theme (>=1.0.0)", "towncrier (>=21,<22)", "tox (>=4.0.0)", "twine", "wheel"]
doc = ["sphinx (>=6.0.0)", "sphinx-rtd-theme (>=1.0.0)", "towncrier (>=21,<22)"]
lint = ["black (>=23)", "flake8 (==6.0.0)", "flake8-bugbear (==23.3.23)", "isort (>=5.10.1)", "mypy (==0.971)", "pydocstyle (>=6.0.0)"]
pycryptodome = ["pycryptodome (>=3.6.6,<4)"]
pysha3 = ["pysha3 (>=1.0.0,<2.0.0)", "safe-pysha3 (>=1.0.0)"]
test = ["pytest (>=7.0.0)", "pytest-xdist (>=2.4.0)"]

[[package]]
name = "eth-typing"
version = "3.5.0"
description = "eth-typing: Common type annotations for ethereum python packages"
optional = false
python-versions = ">=3.7.2, <4"
files = [
    {file = "eth-typing-3.5.0.tar.gz", hash = "sha256:a92f6896896752143a4704c57441eedf7b1f65d5df4b1c20cb802bb4aa602d7e"},
    {file = "eth_typing-3.5.0-py3-none-any.whl", hash = "sha256:a773dbb7d78fcd1539c30264193ca26ec965f3abca2711748e307f117b0a10f5"},
]

[package.dependencies]
typing-extensions = ">=4.0.1"

[package.extras]
dev = ["black (>=23)", "build (>=0.9.0)", "bumpversion (>=0.5.3)", "flake8 (==6.0.0)", "flake8-bugbear (==23.3.23)", "ipython", "isort (>=5.10.1)", "mypy (==0.971)", "pydocstyle (>=6.0.0)", "pytest (>=7.0.0)", "pytest-watch (>=4.1.0)", "pytest-xdist (>=2.4.0)", "sphinx (>=5.0.0)", "sphinx-rtd-theme (>=1.0.0)", "towncrier (>=21,<22)", "tox (>=4.0.0)", "twine", "wheel"]
docs = ["sphinx (>=5.0.0)", "sphinx-rtd-theme (>=1.0.0)", "towncrier (>=21,<22)"]
lint = ["black (>=23)", "flake8 (==6.0.0)", "flake8-bugbear (==23.3.23)", "isort (>=5.10.1)", "mypy (==0.971)", "pydocstyle (>=6.0.0)"]
test = ["pytest (>=7.0.0)", "pytest-xdist (>=2.4.0)"]

[[package]]
name = "eth-utils"
version = "2.2.2"
description = "eth-utils: Common utility functions for python code that interacts with Ethereum"
optional = false
python-versions = ">=3.7,<4"
files = [
    {file = "eth-utils-2.2.2.tar.gz", hash = "sha256:5ca6265177ce544d9d43cdf2272ae2227e5d6d9529c270bbb707d17339087101"},
    {file = "eth_utils-2.2.2-py3-none-any.whl", hash = "sha256:2580a8065273f62ca1ec4c175228c52e626a5f1007e965d2117e5eca1a93cae8"},
]

[package.dependencies]
cytoolz = {version = ">=0.10.1", markers = "implementation_name == \"cpython\""}
eth-hash = ">=0.3.1"
eth-typing = ">=3.0.0"
toolz = {version = ">0.8.2", markers = "implementation_name == \"pypy\""}

[package.extras]
dev = ["black (>=23)", "build (>=0.9.0)", "bumpversion (>=0.5.3)", "eth-hash[pycryptodome]", "flake8 (==3.8.3)", "hypothesis (>=4.43.0)", "ipython", "isort (>=5.11.0)", "mypy (==0.971)", "pydocstyle (>=5.0.0)", "pytest (>=7.0.0)", "pytest-watch (>=4.1.0)", "pytest-xdist (>=2.4.0)", "sphinx (>=5.0.0)", "sphinx-rtd-theme (>=1.0.0)", "towncrier (>=21,<22)", "tox (>=4.0.0)", "twine", "types-setuptools", "wheel"]
docs = ["sphinx (>=5.0.0)", "sphinx-rtd-theme (>=1.0.0)", "towncrier (>=21,<22)"]
lint = ["black (>=23)", "flake8 (==3.8.3)", "isort (>=5.11.0)", "mypy (==0.971)", "pydocstyle (>=5.0.0)", "types-setuptools"]
test = ["hypothesis (>=4.43.0)", "mypy (==0.971)", "pytest (>=7.0.0)", "pytest-xdist (>=2.4.0)", "types-setuptools"]

[[package]]
name = "keum"
version = "0.1.0"
description = "Modular elliptic curve library implementation in Python for experimentations"
optional = false
python-versions = "^3.11"
files = []
develop = false

[package.dependencies]
sympy = "*"

[package.source]
type = "git"
url = "https://github.com/dannywillems/py-keum.git"
reference = "HEAD"
resolved_reference = "878d395fbe87d5e258dd12ed632cde40c1665ff3"

[[package]]
name = "mpmath"
version = "1.3.0"
description = "Python library for arbitrary-precision floating-point arithmetic"
optional = false
python-versions = "*"
files = [
    {file = "mpmath-1.3.0-py3-none-any.whl", hash = "sha256:a0b2b9fe80bbcd81a6647ff13108738cfb482d481d826cc0e02f5b35e5c88d2c"},
    {file = "mpmath-1.3.0.tar.gz", hash = "sha256:7a28eb2a9774d00c7bc92411c19a89209d5da7c4c9a9e227be8330a23a25b91f"},
]

[package.extras]
develop = ["codecov", "pycodestyle", "pytest (>=4.6)", "pytest-cov", "wheel"]
docs = ["sphinx"]
gmpy = ["gmpy2 (>=2.1.0a4)"]
tests = ["pytest (>=4.6)"]

[[package]]
name = "mypy-extensions"
version = "1.0.0"
description = "Type system extensions for programs checked with the mypy type checker."
optional = false
python-versions = ">=3.5"
files = [
    {file = "mypy_extensions-1.0.0-py3-none-any.whl", hash = "sha256:4392f6c0eb8a5668a69e23d168ffa70f0be9ccfd32b5cc2d26a34ae5b844552d"},
    {file = "mypy_extensions-1.0.0.tar.gz", hash = "sha256:75dbf8955dc00442a438fc4d0666508a9a97b6bd41aa2f0ffe9d2f2725af0782"},
]

[[package]]
name = "py-ecc"
version = "6.0.0"
description = "Elliptic curve crypto in python including secp256k1 and alt_bn128"
optional = false
python-versions = ">=3.6, <4"
files = [
    {file = "py_ecc-6.0.0-py3-none-any.whl", hash = "sha256:54e8aa4c30374fa62d582c599a99f352c153f2971352171318bd6910a643be0b"},
    {file = "py_ecc-6.0.0.tar.gz", hash = "sha256:3fc8a79e38975e05dc443d25783fd69212a1ca854cc0efef071301a8f7d6ce1d"},
]

[package.dependencies]
cached-property = ">=1.5.1,<2"
eth-typing = ">=3.0.0,<4"
eth-utils = ">=2.0.0,<3"
mypy-extensions = ">=0.4.1"

[package.extras]
dev = ["bumpversion (>=0.5.3,<1)", "flake8 (==3.5.0)", "mypy (==0.641)", "mypy-extensions (>=0.4.1)", "pytest (==6.2.5)", "pytest-xdist (==1.26.0)", "twine"]
lint = ["flake8 (==3.5.0)", "mypy (==0.641)", "mypy-extensions (>=0.4.1)"]
test = ["pytest (==6.2.5)", "pytest-xdist (==1.26.0)"]

[[package]]
name = "sympy"
version = "1.12"
description = "Computer algebra system (CAS) in Python"
optional = false
python-versions = ">=3.8"
files = [
    {file = "sympy-1.12-py3-none-any.whl", hash = "sha256:c3588cd4295d0c0f603d0f2ae780587e64e2efeedb3521e46b9bb1d08d184fa5"},
    {file = "sympy-1.12.tar.gz", hash = "sha256:ebf595c8dac3e0fdc4152c51878b498396ec7f30e7a914d6071e674d49420fb8"},
]

[package.dependencies]
mpmath = ">=0.19"

[[package]]
name = "toolz"
version = "0.12.0"
description = "List processing tools and functional utilities"
optional = false
python-versions = ">=3.5"
files = [
    {file = "toolz-0.12.0-py3-none-any.whl", hash = "sha256:2059bd4148deb1884bb0eb770a3cde70e7f954cfbbdc2285f1f2de01fd21eb6f"},
    {file = "toolz-0.12.0.tar.gz", hash = "sha256:88c570861c440ee3f2f6037c4654613228ff40c93a6c25e0eba70d17282c6194"},
]

[[package]]
name = "tqdm"
version = "4.66.1"
description = "Fast, Extensible Progress Meter"
optional = false
python-versions = ">=3.7"
files = [
    {file = "tqdm-4.66.1-py3-none-any.whl", hash = "sha256:d302b3c5b53d47bce91fea46679d9c3c6508cf6332229aa1e7d8653723793386"},
    {file = "tqdm-4.66.1.tar.gz", hash = "sha256:d88e651f9db8d8551a62556d3cff9e3034274ca5d66e93197cf2490e2dcb69c7"},
]

[package.dependencies]
colorama = {version = "*", markers = "platform_system == \"Windows\""}

[package.extras]
dev = ["pytest (>=6)", "pytest-cov", "pytest-timeout", "pytest-xdist"]
notebook = ["ipywidgets (>=6)"]
slack = ["slack-sdk"]
telegram = ["requests"]

[[package]]
name = "typing-extensions"
version = "4.8.0"
description = "Backported and Experimental Type Hints for Python 3.8+"
optional = false
python-versions = ">=3.8"
files = [
    {file = "typing_extensions-4.8.0-py3-none-any.whl", hash = "sha256:8f92fc8806f9a6b641eaa5318da32b44d401efaac0f6678c9bc448ba3605faa0"},
    {file = "typing_extensions-4.8.0.tar.gz", hash = "sha256:df8e4339e9cb77357558cbdbceca33c303714cf861d1eef15e1070055ae8b7ef"},
]

[metadata]
lock-version = "2.0"
python-versions = "^3.11"
content-hash = "be37f7b77adcd8e32637df9ca3f28db08ea60f3c1dfcec4377cfb8e663360c47"
